
Microsoft Visual Studio Solution File, Format Version 12.00
# Visual Studio 2012
Project("{FAE04EC0-301F-11D3-BF4B-00C04F79EFBC}") = "FCApp.Core", "src\app\FCApp.Core\FCApp.Core.csproj", "{EFD56C39-292C-4A4F-87F2-A62634D1EB43}"
EndProject
Project("{FAE04EC0-301F-11D3-BF4B-00C04F79EFBC}") = "FCApp.Core.Tests", "src\test\FCApp.Core.Tests\FCApp.Core.Tests.csproj", "{D09B00A3-04B3-4663-A4DB-2191DC9C5101}"
EndProject
Global
	GlobalSection(SolutionConfigurationPlatforms) = preSolution
		Debug|Any CPU = Debug|Any CPU
		Release|Any CPU = Release|Any CPU
	EndGlobalSection
	GlobalSection(ProjectConfigurationPlatforms) = postSolution
		{EFD56C39-292C-4A4F-87F2-A62634D1EB43}.Debug|Any CPU.ActiveCfg = Debug|Any CPU
		{EFD56C39-292C-4A4F-87F2-A62634D1EB43}.Debug|Any CPU.Build.0 = Debug|Any CPU
		{EFD56C39-292C-4A4F-87F2-A62634D1EB43}.Release|Any CPU.ActiveCfg = Release|Any CPU
		{EFD56C39-292C-4A4F-87F2-A62634D1EB43}.Release|Any CPU.Build.0 = Release|Any CPU
		{D09B00A3-04B3-4663-A4DB-2191DC9C5101}.Debug|Any CPU.ActiveCfg = Debug|Any CPU
		{D09B00A3-04B3-4663-A4DB-2191DC9C5101}.Debug|Any CPU.Build.0 = Debug|Any CPU
		{D09B00A3-04B3-4663-A4DB-2191DC9C5101}.Release|Any CPU.ActiveCfg = Release|Any CPU
		{D09B00A3-04B3-4663-A4DB-2191DC9C5101}.Release|Any CPU.Build.0 = Release|Any CPU
	EndGlobalSection
	GlobalSection(SolutionProperties) = preSolution
		HideSolutionNode = FALSE
	EndGlobalSection
EndGlobal
